// !$*UTF8*$!
{
	archiveVersion = 1;
	classes = {
	};
	objectVersion = 46;
	objects = {

/* Begin PBXBuildFile section */
		A367AECE19A46ABA003F2EB6 /* main.m in Sources */ = {isa = PBXBuildFile; fileRef = A367AECD19A46ABA003F2EB6 /* main.m */; };
		A367AED119A46ABA003F2EB6 /* AppDelegate.m in Sources */ = {isa = PBXBuildFile; fileRef = A367AED019A46ABA003F2EB6 /* AppDelegate.m */; };
		A367AED719A46ABA003F2EB6 /* Main.storyboard in Resources */ = {isa = PBXBuildFile; fileRef = A367AED519A46ABA003F2EB6 /* Main.storyboard */; };
		A367AED919A46ABA003F2EB6 /* Images.xcassets in Resources */ = {isa = PBXBuildFile; fileRef = A367AED819A46ABA003F2EB6 /* Images.xcassets */; };
		A367AEE519A46ABA003F2EB6 /* SlideUpPanel_iOSTests.m in Sources */ = {isa = PBXBuildFile; fileRef = A367AEE419A46ABA003F2EB6 /* SlideUpPanel_iOSTests.m */; };
		A367AF0019A46BBC003F2EB6 /* EGORefreshTableHeaderView.m in Sources */ = {isa = PBXBuildFile; fileRef = A367AEF019A46BBC003F2EB6 /* EGORefreshTableHeaderView.m */; };
		A367AF0119A46BBC003F2EB6 /* blackArrow.png in Resources */ = {isa = PBXBuildFile; fileRef = A367AEF219A46BBC003F2EB6 /* blackArrow.png */; };
		A367AF0219A46BBC003F2EB6 /* blackArrow@2x.png in Resources */ = {isa = PBXBuildFile; fileRef = A367AEF319A46BBC003F2EB6 /* blackArrow@2x.png */; };
		A367AF0319A46BBC003F2EB6 /* blueArrow.png in Resources */ = {isa = PBXBuildFile; fileRef = A367AEF419A46BBC003F2EB6 /* blueArrow.png */; };
		A367AF0419A46BBC003F2EB6 /* blueArrow@2x.png in Resources */ = {isa = PBXBuildFile; fileRef = A367AEF519A46BBC003F2EB6 /* blueArrow@2x.png */; };
		A367AF0519A46BBC003F2EB6 /* grayArrow.png in Resources */ = {isa = PBXBuildFile; fileRef = A367AEF619A46BBC003F2EB6 /* grayArrow.png */; };
		A367AF0619A46BBC003F2EB6 /* grayArrow@2x.png in Resources */ = {isa = PBXBuildFile; fileRef = A367AEF719A46BBC003F2EB6 /* grayArrow@2x.png */; };
		A367AF0719A46BBC003F2EB6 /* whiteArrow.png in Resources */ = {isa = PBXBuildFile; fileRef = A367AEF819A46BBC003F2EB6 /* whiteArrow.png */; };
		A367AF0819A46BBC003F2EB6 /* whiteArrow@2x.png in Resources */ = {isa = PBXBuildFile; fileRef = A367AEF919A46BBC003F2EB6 /* whiteArrow@2x.png */; };
		A367AF0919A46BBC003F2EB6 /* SlideTabView.m in Sources */ = {isa = PBXBuildFile; fileRef = A367AEFB19A46BBC003F2EB6 /* SlideTabView.m */; };
		A367AF0A19A46BBC003F2EB6 /* SlideTabViewController.m in Sources */ = {isa = PBXBuildFile; fileRef = A367AEFD19A46BBC003F2EB6 /* SlideTabViewController.m */; };
		A367AF0B19A46BBC003F2EB6 /* SlideViewController.m in Sources */ = {isa = PBXBuildFile; fileRef = A367AEFF19A46BBC003F2EB6 /* SlideViewController.m */; };
/* End PBXBuildFile section */

/* Begin PBXContainerItemProxy section */
		A367AEDF19A46ABA003F2EB6 /* PBXContainerItemProxy */ = {
			isa = PBXContainerItemProxy;
			containerPortal = A367AEC019A46ABA003F2EB6 /* Project object */;
			proxyType = 1;
			remoteGlobalIDString = A367AEC719A46ABA003F2EB6;
			remoteInfo = SlideUpPanel_iOS;
		};
/* End PBXContainerItemProxy section */

/* Begin PBXFileReference section */
		A367AEC819A46ABA003F2EB6 /* SlideUpPanel_iOS.app */ = {isa = PBXFileReference; explicitFileType = wrapper.application; includeInIndex = 0; path = SlideUpPanel_iOS.app; sourceTree = BUILT_PRODUCTS_DIR; };
		A367AECC19A46ABA003F2EB6 /* Info.plist */ = {isa = PBXFileReference; lastKnownFileType = text.plist.xml; path = Info.plist; sourceTree = "<group>"; };
		A367AECD19A46ABA003F2EB6 /* main.m */ = {isa = PBXFileReference; lastKnownFileType = sourcecode.c.objc; path = main.m; sourceTree = "<group>"; };
		A367AECF19A46ABA003F2EB6 /* AppDelegate.h */ = {isa = PBXFileReference; lastKnownFileType = sourcecode.c.h; path = AppDelegate.h; sourceTree = "<group>"; };
		A367AED019A46ABA003F2EB6 /* AppDelegate.m */ = {isa = PBXFileReference; lastKnownFileType = sourcecode.c.objc; path = AppDelegate.m; sourceTree = "<group>"; };
		A367AED619A46ABA003F2EB6 /* Base */ = {isa = PBXFileReference; lastKnownFileType = file.storyboard; name = Base; path = Base.lproj/Main.storyboard; sourceTree = "<group>"; };
		A367AED819A46ABA003F2EB6 /* Images.xcassets */ = {isa = PBXFileReference; lastKnownFileType = folder.assetcatalog; path = Images.xcassets; sourceTree = "<group>"; };
		A367AEDE19A46ABA003F2EB6 /* SlideUpPanel_iOSTests.xctest */ = {isa = PBXFileReference; explicitFileType = wrapper.cfbundle; includeInIndex = 0; path = SlideUpPanel_iOSTests.xctest; sourceTree = BUILT_PRODUCTS_DIR; };
		A367AEE319A46ABA003F2EB6 /* Info.plist */ = {isa = PBXFileReference; lastKnownFileType = text.plist.xml; path = Info.plist; sourceTree = "<group>"; };
		A367AEE419A46ABA003F2EB6 /* SlideUpPanel_iOSTests.m */ = {isa = PBXFileReference; lastKnownFileType = sourcecode.c.objc; path = SlideUpPanel_iOSTests.m; sourceTree = "<group>"; };
		A367AEEF19A46BBC003F2EB6 /* EGORefreshTableHeaderView.h */ = {isa = PBXFileReference; fileEncoding = 4; lastKnownFileType = sourcecode.c.h; path = EGORefreshTableHeaderView.h; sourceTree = "<group>"; };
		A367AEF019A46BBC003F2EB6 /* EGORefreshTableHeaderView.m */ = {isa = PBXFileReference; fileEncoding = 4; lastKnownFileType = sourcecode.c.objc; path = EGORefreshTableHeaderView.m; sourceTree = "<group>"; };
		A367AEF219A46BBC003F2EB6 /* blackArrow.png */ = {isa = PBXFileReference; lastKnownFileType = image.png; path = blackArrow.png; sourceTree = "<group>"; };
		A367AEF319A46BBC003F2EB6 /* blackArrow@2x.png */ = {isa = PBXFileReference; lastKnownFileType = image.png; path = "blackArrow@2x.png"; sourceTree = "<group>"; };
		A367AEF419A46BBC003F2EB6 /* blueArrow.png */ = {isa = PBXFileReference; lastKnownFileType = image.png; path = blueArrow.png; sourceTree = "<group>"; };
		A367AEF519A46BBC003F2EB6 /* blueArrow@2x.png */ = {isa = PBXFileReference; lastKnownFileType = image.png; path = "blueArrow@2x.png"; sourceTree = "<group>"; };
		A367AEF619A46BBC003F2EB6 /* grayArrow.png */ = {isa = PBXFileReference; lastKnownFileType = image.png; path = grayArrow.png; sourceTree = "<group>"; };
		A367AEF719A46BBC003F2EB6 /* grayArrow@2x.png */ = {isa = PBXFileReference; lastKnownFileType = image.png; path = "grayArrow@2x.png"; sourceTree = "<group>"; };
		A367AEF819A46BBC003F2EB6 /* whiteArrow.png */ = {isa = PBXFileReference; lastKnownFileType = image.png; path = whiteArrow.png; sourceTree = "<group>"; };
		A367AEF919A46BBC003F2EB6 /* whiteArrow@2x.png */ = {isa = PBXFileReference; lastKnownFileType = image.png; path = "whiteArrow@2x.png"; sourceTree = "<group>"; };
		A367AEFA19A46BBC003F2EB6 /* SlideTabView.h */ = {isa = PBXFileReference; fileEncoding = 4; lastKnownFileType = sourcecode.c.h; path = SlideTabView.h; sourceTree = "<group>"; };
		A367AEFB19A46BBC003F2EB6 /* SlideTabView.m */ = {isa = PBXFileReference; fileEncoding = 4; lastKnownFileType = sourcecode.c.objc; path = SlideTabView.m; sourceTree = "<group>"; };
		A367AEFC19A46BBC003F2EB6 /* SlideTabViewController.h */ = {isa = PBXFileReference; fileEncoding = 4; lastKnownFileType = sourcecode.c.h; path = SlideTabViewController.h; sourceTree = "<group>"; };
		A367AEFD19A46BBC003F2EB6 /* SlideTabViewController.m */ = {isa = PBXFileReference; fileEncoding = 4; lastKnownFileType = sourcecode.c.objc; path = SlideTabViewController.m; sourceTree = "<group>"; };
		A367AEFE19A46BBC003F2EB6 /* SlideViewController.h */ = {isa = PBXFileReference; fileEncoding = 4; lastKnownFileType = sourcecode.c.h; path = SlideViewController.h; sourceTree = "<group>"; };
		A367AEFF19A46BBC003F2EB6 /* SlideViewController.m */ = {isa = PBXFileReference; fileEncoding = 4; lastKnownFileType = sourcecode.c.objc; path = SlideViewController.m; sourceTree = "<group>"; };
/* End PBXFileReference section */

/* Begin PBXFrameworksBuildPhase section */
		A367AEC519A46ABA003F2EB6 /* Frameworks */ = {
			isa = PBXFrameworksBuildPhase;
			buildActionMask = 2147483647;
			files = (
			);
			runOnlyForDeploymentPostprocessing = 0;
		};
		A367AEDB19A46ABA003F2EB6 /* Frameworks */ = {
			isa = PBXFrameworksBuildPhase;
			buildActionMask = 2147483647;
			files = (
			);
			runOnlyForDeploymentPostprocessing = 0;
		};
/* End PBXFrameworksBuildPhase section */

/* Begin PBXGroup section */
		A367AEBF19A46ABA003F2EB6 = {
			isa = PBXGroup;
			children = (
				A367AECA19A46ABA003F2EB6 /* SlideUpPanel_iOS */,
				A367AEE119A46ABA003F2EB6 /* SlideUpPanel_iOSTests */,
				A367AEC919A46ABA003F2EB6 /* Products */,
			);
			sourceTree = "<group>";
		};
		A367AEC919A46ABA003F2EB6 /* Products */ = {
			isa = PBXGroup;
			children = (
				A367AEC819A46ABA003F2EB6 /* SlideUpPanel_iOS.app */,
				A367AEDE19A46ABA003F2EB6 /* SlideUpPanel_iOSTests.xctest */,
			);
			name = Products;
			sourceTree = "<group>";
		};
		A367AECA19A46ABA003F2EB6 /* SlideUpPanel_iOS */ = {
			isa = PBXGroup;
			children = (
				A367AECF19A46ABA003F2EB6 /* AppDelegate.h */,
				A367AED019A46ABA003F2EB6 /* AppDelegate.m */,
				A367AED519A46ABA003F2EB6 /* Main.storyboard */,
				A367AEEE19A46BBC003F2EB6 /* RefreshTableHeaderView */,
				A367AEFA19A46BBC003F2EB6 /* SlideTabView.h */,
				A367AEFB19A46BBC003F2EB6 /* SlideTabView.m */,
				A367AEFC19A46BBC003F2EB6 /* SlideTabViewController.h */,
				A367AEFD19A46BBC003F2EB6 /* SlideTabViewController.m */,
				A367AEFE19A46BBC003F2EB6 /* SlideViewController.h */,
				A367AEFF19A46BBC003F2EB6 /* SlideViewController.m */,
				A367AED819A46ABA003F2EB6 /* Images.xcassets */,
				A367AECB19A46ABA003F2EB6 /* Supporting Files */,
			);
			path = SlideUpPanel_iOS;
			sourceTree = "<group>";
		};
		A367AECB19A46ABA003F2EB6 /* Supporting Files */ = {
			isa = PBXGroup;
			children = (
				A367AECC19A46ABA003F2EB6 /* Info.plist */,
				A367AECD19A46ABA003F2EB6 /* main.m */,
			);
			name = "Supporting Files";
			sourceTree = "<group>";
		};
		A367AEE119A46ABA003F2EB6 /* SlideUpPanel_iOSTests */ = {
			isa = PBXGroup;
			children = (
				A367AEE419A46ABA003F2EB6 /* SlideUpPanel_iOSTests.m */,
				A367AEE219A46ABA003F2EB6 /* Supporting Files */,
			);
			path = SlideUpPanel_iOSTests;
			sourceTree = "<group>";
		};
		A367AEE219A46ABA003F2EB6 /* Supporting Files */ = {
			isa = PBXGroup;
			children = (
				A367AEE319A46ABA003F2EB6 /* Info.plist */,
			);
			name = "Supporting Files";
			sourceTree = "<group>";
		};
		A367AEEE19A46BBC003F2EB6 /* RefreshTableHeaderView */ = {
			isa = PBXGroup;
			children = (
				A367AEEF19A46BBC003F2EB6 /* EGORefreshTableHeaderView.h */,
				A367AEF019A46BBC003F2EB6 /* EGORefreshTableHeaderView.m */,
				A367AEF119A46BBC003F2EB6 /* Resources */,
			);
			path = RefreshTableHeaderView;
			sourceTree = "<group>";
		};
		A367AEF119A46BBC003F2EB6 /* Resources */ = {
			isa = PBXGroup;
			children = (
				A367AEF219A46BBC003F2EB6 /* blackArrow.png */,
				A367AEF319A46BBC003F2EB6 /* blackArrow@2x.png */,
				A367AEF419A46BBC003F2EB6 /* blueArrow.png */,
				A367AEF519A46BBC003F2EB6 /* blueArrow@2x.png */,
				A367AEF619A46BBC003F2EB6 /* grayArrow.png */,
				A367AEF719A46BBC003F2EB6 /* grayArrow@2x.png */,
				A367AEF819A46BBC003F2EB6 /* whiteArrow.png */,
				A367AEF919A46BBC003F2EB6 /* whiteArrow@2x.png */,
			);
			path = Resources;
			sourceTree = "<group>";
		};
/* End PBXGroup section */

/* Begin PBXNativeTarget section */
		A367AEC719A46ABA003F2EB6 /* SlideUpPanel_iOS */ = {
			isa = PBXNativeTarget;
			buildConfigurationList = A367AEE819A46ABA003F2EB6 /* Build configuration list for PBXNativeTarget "SlideUpPanel_iOS" */;
			buildPhases = (
				A367AEC419A46ABA003F2EB6 /* Sources */,
				A367AEC519A46ABA003F2EB6 /* Frameworks */,
				A367AEC619A46ABA003F2EB6 /* Resources */,
			);
			buildRules = (
			);
			dependencies = (
			);
			name = SlideUpPanel_iOS;
			productName = SlideUpPanel_iOS;
			productReference = A367AEC819A46ABA003F2EB6 /* SlideUpPanel_iOS.app */;
			productType = "com.apple.product-type.application";
		};
		A367AEDD19A46ABA003F2EB6 /* SlideUpPanel_iOSTests */ = {
			isa = PBXNativeTarget;
			buildConfigurationList = A367AEEB19A46ABA003F2EB6 /* Build configuration list for PBXNativeTarget "SlideUpPanel_iOSTests" */;
			buildPhases = (
				A367AEDA19A46ABA003F2EB6 /* Sources */,
				A367AEDB19A46ABA003F2EB6 /* Frameworks */,
				A367AEDC19A46ABA003F2EB6 /* Resources */,
			);
			buildRules = (
			);
			dependencies = (
				A367AEE019A46ABA003F2EB6 /* PBXTargetDependency */,
			);
			name = SlideUpPanel_iOSTests;
			productName = SlideUpPanel_iOSTests;
			productReference = A367AEDE19A46ABA003F2EB6 /* SlideUpPanel_iOSTests.xctest */;
			productType = "com.apple.product-type.bundle.unit-test";
		};
/* End PBXNativeTarget section */

/* Begin PBXProject section */
		A367AEC019A46ABA003F2EB6 /* Project object */ = {
			isa = PBXProject;
			attributes = {
				LastUpgradeCheck = 0600;
				ORGANIZATIONNAME = chenee;
				TargetAttributes = {
					A367AEC719A46ABA003F2EB6 = {
						CreatedOnToolsVersion = 6.0;
					};
					A367AEDD19A46ABA003F2EB6 = {
						CreatedOnToolsVersion = 6.0;
						TestTargetID = A367AEC719A46ABA003F2EB6;
					};
				};
			};
			buildConfigurationList = A367AEC319A46ABA003F2EB6 /* Build configuration list for PBXProject "SlideUpPanel_iOS" */;
			compatibilityVersion = "Xcode 3.2";
			developmentRegion = English;
			hasScannedForEncodings = 0;
			knownRegions = (
				en,
				Base,
			);
			mainGroup = A367AEBF19A46ABA003F2EB6;
			productRefGroup = A367AEC919A46ABA003F2EB6 /* Products */;
			projectDirPath = "";
			projectRoot = "";
			targets = (
				A367AEC719A46ABA003F2EB6 /* SlideUpPanel_iOS */,
				A367AEDD19A46ABA003F2EB6 /* SlideUpPanel_iOSTests */,
			);
		};
/* End PBXProject section */

/* Begin PBXResourcesBuildPhase section */
		A367AEC619A46ABA003F2EB6 /* Resources */ = {
			isa = PBXResourcesBuildPhase;
			buildActionMask = 2147483647;
			files = (
				A367AF0419A46BBC003F2EB6 /* blueArrow@2x.png in Resources */,
				A367AED719A46ABA003F2EB6 /* Main.storyboard in Resources */,
				A367AF0819A46BBC003F2EB6 /* whiteArrow@2x.png in Resources */,
				A367AF0119A46BBC003F2EB6 /* blackArrow.png in Resources */,
				A367AF0619A46BBC003F2EB6 /* grayArrow@2x.png in Resources */,
				A367AF0319A46BBC003F2EB6 /* blueArrow.png in Resources */,
				A367AF0219A46BBC003F2EB6 /* blackArrow@2x.png in Resources */,
				A367AF0519A46BBC003F2EB6 /* grayArrow.png in Resources */,
				A367AF0719A46BBC003F2EB6 /* whiteArrow.png in Resources */,
				A367AED919A46ABA003F2EB6 /* Images.xcassets in Resources */,
			);
			runOnlyForDeploymentPostprocessing = 0;
		};
		A367AEDC19A46ABA003F2EB6 /* Resources */ = {
			isa = PBXResourcesBuildPhase;
			buildActionMask = 2147483647;
			files = (
			);
			runOnlyForDeploymentPostprocessing = 0;
		};
/* End PBXResourcesBuildPhase section */

/* Begin PBXSourcesBuildPhase section */
		A367AEC419A46ABA003F2EB6 /* Sources */ = {
			isa = PBXSourcesBuildPhase;
			buildActionMask = 2147483647;
			files = (
				A367AF0A19A46BBC003F2EB6 /* SlideTabViewController.m in Sources */,
				A367AF0019A46BBC003F2EB6 /* EGORefreshTableHeaderView.m in Sources */,
				A367AF0B19A46BBC003F2EB6 /* SlideViewController.m in Sources */,
				A367AED119A46ABA003F2EB6 /* AppDelegate.m in Sources */,
				A367AF0919A46BBC003F2EB6 /* SlideTabView.m in Sources */,
				A367AECE19A46ABA003F2EB6 /* main.m in Sources */,
			);
			runOnlyForDeploymentPostprocessing = 0;
		};
		A367AEDA19A46ABA003F2EB6 /* Sources */ = {
			isa = PBXSourcesBuildPhase;
			buildActionMask = 2147483647;
			files = (
				A367AEE519A46ABA003F2EB6 /* SlideUpPanel_iOSTests.m in Sources */,
			);
			runOnlyForDeploymentPostprocessing = 0;
		};
/* End PBXSourcesBuildPhase section */

/* Begin PBXTargetDependency section */
		A367AEE019A46ABA003F2EB6 /* PBXTargetDependency */ = {
			isa = PBXTargetDependency;
			target = A367AEC719A46ABA003F2EB6 /* SlideUpPanel_iOS */;
			targetProxy = A367AEDF19A46ABA003F2EB6 /* PBXContainerItemProxy */;
		};
/* End PBXTargetDependency section */

/* Begin PBXVariantGroup section */
		A367AED519A46ABA003F2EB6 /* Main.storyboard */ = {
			isa = PBXVariantGroup;
			children = (
				A367AED619A46ABA003F2EB6 /* Base */,
			);
			name = Main.storyboard;
			sourceTree = "<group>";
		};
/* End PBXVariantGroup section */

/* Begin XCBuildConfiguration section */
		A367AEE619A46ABA003F2EB6 /* Debug */ = {
			isa = XCBuildConfiguration;
			buildSettings = {
				ALWAYS_SEARCH_USER_PATHS = NO;
				CLANG_CXX_LANGUAGE_STANDARD = "gnu++0x";
				CLANG_CXX_LIBRARY = "libc++";
				CLANG_ENABLE_MODULES = YES;
				CLANG_ENABLE_OBJC_ARC = YES;
				CLANG_WARN_BOOL_CONVERSION = YES;
				CLANG_WARN_CONSTANT_CONVERSION = YES;
				CLANG_WARN_DIRECT_OBJC_ISA_USAGE = YES_ERROR;
				CLANG_WARN_EMPTY_BODY = YES;
				CLANG_WARN_ENUM_CONVERSION = YES;
				CLANG_WARN_INT_CONVERSION = YES;
				CLANG_WARN_OBJC_ROOT_CLASS = YES_ERROR;
				CLANG_WARN_UNREACHABLE_CODE = YES;
				CLANG_WARN__DUPLICATE_METHOD_MATCH = YES;
				"CODE_SIGN_IDENTITY[sdk=iphoneos*]" = "iPhone Developer";
				COPY_PHASE_STRIP = NO;
				ENABLE_STRICT_OBJC_MSGSEND = YES;
				GCC_C_LANGUAGE_STANDARD = gnu99;
				GCC_DYNAMIC_NO_PIC = NO;
				GCC_OPTIMIZATION_LEVEL = 0;
				GCC_PREPROCESSOR_DEFINITIONS = (
					"DEBUG=1",
					"$(inherited)",
				);
				GCC_SYMBOLS_PRIVATE_EXTERN = NO;
				GCC_WARN_64_TO_32_BIT_CONVERSION = YES;
				GCC_WARN_ABOUT_RETURN_TYPE = YES_ERROR;
				GCC_WARN_UNDECLARED_SELECTOR = YES;
				GCC_WARN_UNINITIALIZED_AUTOS = YES_AGGRESSIVE;
				GCC_WARN_UNUSED_FUNCTION = YES;
				GCC_WARN_UNUSED_VARIABLE = YES;
				IPHONEOS_DEPLOYMENT_TARGET = 8.0;
				MTL_ENABLE_DEBUG_INFO = YES;
				ONLY_ACTIVE_ARCH = YES;
				SDKROOT = iphoneos;
			};
			name = Debug;
		};
		A367AEE719A46ABA003F2EB6 /* Release */ = {
			isa = XCBuildConfiguration;
			buildSettings = {
				ALWAYS_SEARCH_USER_PATHS = NO;
				CLANG_CXX_LANGUAGE_STANDARD = "gnu++0x";
				CLANG_CXX_LIBRARY = "libc++";
				CLANG_ENABLE_MODULES = YES;
				CLANG_ENABLE_OBJC_ARC = YES;
				CLANG_WARN_BOOL_CONVERSION = YES;
				CLANG_WARN_CONSTANT_CONVERSION = YES;
				CLANG_WARN_DIRECT_OBJC_ISA_USAGE = YES_ERROR;
				CLANG_WARN_EMPTY_BODY = YES;
				CLANG_WARN_ENUM_CONVERSION = YES;
				CLANG_WARN_INT_CONVERSION = YES;
				CLANG_WARN_OBJC_ROOT_CLASS = YES_ERROR;
				CLANG_WARN_UNREACHABLE_CODE = YES;
				CLANG_WARN__DUPLICATE_METHOD_MATCH = YES;
				"CODE_SIGN_IDENTITY[sdk=iphoneos*]" = "iPhone Developer";
				COPY_PHASE_STRIP = YES;
				ENABLE_NS_ASSERTIONS = NO;
				ENABLE_STRICT_OBJC_MSGSEND = YES;
				GCC_C_LANGUAGE_STANDARD = gnu99;
				GCC_WARN_64_TO_32_BIT_CONVERSION = YES;
				GCC_WARN_ABOUT_RETURN_TYPE = YES_ERROR;
				GCC_WARN_UNDECLARED_SELECTOR = YES;
				GCC_WARN_UNINITIALIZED_AUTOS = YES_AGGRESSIVE;
				GCC_WARN_UNUSED_FUNCTION = YES;
				GCC_WARN_UNUSED_VARIABLE = YES;
				IPHONEOS_DEPLOYMENT_TARGET = 8.0;
				MTL_ENABLE_DEBUG_INFO = NO;
				SDKROOT = iphoneos;
				VALIDATE_PRODUCT = YES;
			};
			name = Release;
		};
		A367AEE919A46ABA003F2EB6 /* Debug */ = {
			isa = XCBuildConfiguration;
			buildSettings = {
				ASSETCATALOG_COMPILER_APPICON_NAME = AppIcon;
				ASSETCATALOG_COMPILER_LAUNCHIMAGE_NAME = LaunchImage;
				INFOPLIST_FILE = SlideUpPanel_iOS/Info.plist;
				IPHONEOS_DEPLOYMENT_TARGET = 7.0;
				LD_RUNPATH_SEARCH_PATHS = "$(inherited) @executable_path/Frameworks";
				PRODUCT_NAME = "$(TARGET_NAME)";
			};
			name = Debug;
		};
		A367AEEA19A46ABA003F2EB6 /* Release */ = {
			isa = XCBuildConfiguration;
			buildSettings = {
				ASSETCATALOG_COMPILER_APPICON_NAME = AppIcon;
				ASSETCATALOG_COMPILER_LAUNCHIMAGE_NAME = LaunchImage;
				INFOPLIST_FILE = SlideUpPanel_iOS/Info.plist;
				IPHONEOS_DEPLOYMENT_TARGET = 7.0;
				LD_RUNPATH_SEARCH_PATHS = "$(inherited) @executable_path/Frameworks";
				PRODUCT_NAME = "$(TARGET_NAME)";
			};
			name = Release;
		};
		A367AEEC19A46ABA003F2EB6 /* Debug */ = {
			isa = XCBuildConfiguration;
			buildSettings = {
				BUNDLE_LOADER = "$(BUILT_PRODUCTS_DIR)/SlideUpPanel_iOS.app/SlideUpPanel_iOS";
				FRAMEWORK_SEARCH_PATHS = (
					"$(SDKROOT)/Developer/Library/Frameworks",
					"$(inherited)",
				);
				GCC_PREPROCESSOR_DEFINITIONS = (
					"DEBUG=1",
					"$(inherited)",
				);
				INFOPLIST_FILE = SlideUpPanel_iOSTests/Info.plist;
				LD_RUNPATH_SEARCH_PATHS = "$(inherited) @executable_path/Frameworks @loader_path/Frameworks";
				PRODUCT_NAME = "$(TARGET_NAME)";
				TEST_HOST = "$(BUNDLE_LOADER)";
			};
			name = Debug;
		};
		A367AEED19A46ABA003F2EB6 /* Release */ = {
			isa = XCBuildConfiguration;
			buildSettings = {
				BUNDLE_LOADER = "$(BUILT_PRODUCTS_DIR)/SlideUpPanel_iOS.app/SlideUpPanel_iOS";
				FRAMEWORK_SEARCH_PATHS = (
					"$(SDKROOT)/Developer/Library/Frameworks",
					"$(inherited)",
				);
				INFOPLIST_FILE = SlideUpPanel_iOSTests/Info.plist;
				LD_RUNPATH_SEARCH_PATHS = "$(inherited) @executable_path/Frameworks @loader_path/Frameworks";
				PRODUCT_NAME = "$(TARGET_NAME)";
				TEST_HOST = "$(BUNDLE_LOADER)";
			};
			name = Release;
		};
/* End XCBuildConfiguration section */

/* Begin XCConfigurationList section */
		A367AEC319A46ABA003F2EB6 /* Build configuration list for PBXProject "SlideUpPanel_iOS" */ = {
			isa = XCConfigurationList;
			buildConfigurations = (
				A367AEE619A46ABA003F2EB6 /* Debug */,
				A367AEE719A46ABA003F2EB6 /* Release */,
			);
			defaultConfigurationIsVisible = 0;
			defaultConfigurationName = Release;
		};
		A367AEE819A46ABA003F2EB6 /* Build configuration list for PBXNativeTarget "SlideUpPanel_iOS" */ = {
			isa = XCConfigurationList;
			buildConfigurations = (
				A367AEE919A46ABA003F2EB6 /* Debug */,
				A367AEEA19A46ABA003F2EB6 /* Release */,
			);
			defaultConfigurationIsVisible = 0;
		};
		A367AEEB19A46ABA003F2EB6 /* Build configuration list for PBXNativeTarget "SlideUpPanel_iOSTests" */ = {
			isa = XCConfigurationList;
			buildConfigurations = (
				A367AEEC19A46ABA003F2EB6 /* Debug */,
				A367AEED19A46ABA003F2EB6 /* Release */,
			);
			defaultConfigurationIsVisible = 0;
		};
/* End XCConfigurationList section */
	};
	rootObject = A367AEC019A46ABA003F2EB6 /* Project object */;
}
